Microsoft Visual Studio Solution File, Format Version 12.00
# Visual Studio Version 17
VisualStudioVersion = 17.0.31611.283
MinimumVisualStudioVersion = 10.0.40219.1
Project("{9A19103F-16F7-4668-BE54-9A1E7A4F7556}") = "KitchenSink", "src\KitchenSink\KitchenSink.csproj", "{91FCA234-4369-4342-8416-434FA81D5E06}"
EndProject
Project("{FAE04EC0-301F-11D3-BF4B-00C04F79EFBC}") = "IonBlazor", "src\IonBlazor\IonBlazor.csproj", "{9894B571-F97A-409A-B033-F17FAC84BF5F}"
EndProject
Project("{FAE04EC0-301F-11D3-BF4B-00C04F79EFBC}") = "IonBlazor.UnitTests", "tests\IonBlazor.UnitTests\IonBlazor.UnitTests.csproj", "{EC6CED86-162D-4E7E-BEE9-640BF3D04FB7}"
EndProject
Project("{FAE04EC0-301F-11D3-BF4B-00C04F79EFBC}") = "IonBlazor.Barebones", "samples\IonBlazor.Barebones\IonBlazor.Barebones.csproj", "{A9A0D25B-9C3D-477C-A4DB-322B21291FF9}"
EndProject
Project("{2150E333-8FDC-42A3-9474-1A3956D46DE8}") = "samples", "samples", "{6B7F3AA8-DC76-4AD4-8DC9-BEBD08872AD8}"
EndProject
Project("{FAE04EC0-301F-11D3-BF4B-00C04F79EFBC}") = "IonBlazor.Wasm", "samples\IonBlazor.Wasm\IonBlazor.Wasm.csproj", "{09B84C1F-21D2-4D4B-847A-BA7BF93EDD2F}"
EndProject
Project("{FAE04EC0-301F-11D3-BF4B-00C04F79EFBC}") = "IonBlazor.Assets.Ionic.Core", "src\IonBlazor.Assets.Ionic.Core\IonBlazor.Assets.Ionic.Core.csproj", "{D7FA0205-74C0-42F0-8CD9-B1B8E99184E2}"
EndProject
Project("{FAE04EC0-301F-11D3-BF4B-00C04F79EFBC}") = "IonBlazor.Assets.Ionic.Svg", "src\IonBlazor.Assets.Ionic.Svg\IonBlazor.Assets.Ionic.Svg.csproj", "{86018B1F-5D90-44E9-B9F4-4565F86FE53D}"
EndProject
Global
	GlobalSection(SolutionConfigurationPlatforms) = preSolution
		Debug|Any CPU = Debug|Any CPU
		Release|Any CPU = Release|Any CPU
	EndGlobalSection
	GlobalSection(ProjectConfigurationPlatforms) = postSolution
		{91FCA234-4369-4342-8416-434FA81D5E06}.Debug|Any CPU.ActiveCfg = Debug|Any CPU
		{91FCA234-4369-4342-8416-434FA81D5E06}.Debug|Any CPU.Build.0 = Debug|Any CPU
		{91FCA234-4369-4342-8416-434FA81D5E06}.Debug|Any CPU.Deploy.0 = Debug|Any CPU
		{91FCA234-4369-4342-8416-434FA81D5E06}.Release|Any CPU.ActiveCfg = Release|Any CPU
		{91FCA234-4369-4342-8416-434FA81D5E06}.Release|Any CPU.Build.0 = Release|Any CPU
		{91FCA234-4369-4342-8416-434FA81D5E06}.Release|Any CPU.Deploy.0 = Release|Any CPU
		{9894B571-F97A-409A-B033-F17FAC84BF5F}.Debug|Any CPU.ActiveCfg = Debug|Any CPU
		{9894B571-F97A-409A-B033-F17FAC84BF5F}.Debug|Any CPU.Build.0 = Debug|Any CPU
		{9894B571-F97A-409A-B033-F17FAC84BF5F}.Release|Any CPU.ActiveCfg = Release|Any CPU
		{9894B571-F97A-409A-B033-F17FAC84BF5F}.Release|Any CPU.Build.0 = Release|Any CPU
		{EC6CED86-162D-4E7E-BEE9-640BF3D04FB7}.Debug|Any CPU.ActiveCfg = Debug|Any CPU
		{EC6CED86-162D-4E7E-BEE9-640BF3D04FB7}.Debug|Any CPU.Build.0 = Debug|Any CPU
		{EC6CED86-162D-4E7E-BEE9-640BF3D04FB7}.Release|Any CPU.ActiveCfg = Release|Any CPU
		{EC6CED86-162D-4E7E-BEE9-640BF3D04FB7}.Release|Any CPU.Build.0 = Release|Any CPU
		{A9A0D25B-9C3D-477C-A4DB-322B21291FF9}.Debug|Any CPU.ActiveCfg = Debug|Any CPU
		{A9A0D25B-9C3D-477C-A4DB-322B21291FF9}.Debug|Any CPU.Build.0 = Debug|Any CPU
		{A9A0D25B-9C3D-477C-A4DB-322B21291FF9}.Release|Any CPU.ActiveCfg = Release|Any CPU
		{A9A0D25B-9C3D-477C-A4DB-322B21291FF9}.Release|Any CPU.Build.0 = Release|Any CPU
		{09B84C1F-21D2-4D4B-847A-BA7BF93EDD2F}.Debug|Any CPU.ActiveCfg = Debug|Any CPU
		{09B84C1F-21D2-4D4B-847A-BA7BF93EDD2F}.Debug|Any CPU.Build.0 = Debug|Any CPU
		{09B84C1F-21D2-4D4B-847A-BA7BF93EDD2F}.Release|Any CPU.ActiveCfg = Release|Any CPU
		{09B84C1F-21D2-4D4B-847A-BA7BF93EDD2F}.Release|Any CPU.Build.0 = Release|Any CPU
		{D7FA0205-74C0-42F0-8CD9-B1B8E99184E2}.Debug|Any CPU.ActiveCfg = Debug|Any CPU
		{D7FA0205-74C0-42F0-8CD9-B1B8E99184E2}.Debug|Any CPU.Build.0 = Debug|Any CPU
		{D7FA0205-74C0-42F0-8CD9-B1B8E99184E2}.Release|Any CPU.ActiveCfg = Release|Any CPU
		{D7FA0205-74C0-42F0-8CD9-B1B8E99184E2}.Release|Any CPU.Build.0 = Release|Any CPU
		{86018B1F-5D90-44E9-B9F4-4565F86FE53D}.Debug|Any CPU.ActiveCfg = Debug|Any CPU
		{86018B1F-5D90-44E9-B9F4-4565F86FE53D}.Debug|Any CPU.Build.0 = Debug|Any CPU
		{86018B1F-5D90-44E9-B9F4-4565F86FE53D}.Release|Any CPU.ActiveCfg = Release|Any CPU
		{86018B1F-5D90-44E9-B9F4-4565F86FE53D}.Release|Any CPU.Build.0 = Release|Any CPU
	EndGlobalSection
	GlobalSection(SolutionProperties) = preSolution
		HideSolutionNode = FALSE
	EndGlobalSection
	GlobalSection(ExtensibilityGlobals) = postSolution
										SolutionGuid = {61F7FB11-1E47-470C-91E2-47F8143E1572}
		SolutionGuid = {02E114CD-9980-4CE0-8240-0A1E731FD693}
	EndGlobalSection
	GlobalSection(NestedProjects) = preSolution
		{A9A0D25B-9C3D-477C-A4DB-322B21291FF9} = {6B7F3AA8-DC76-4AD4-8DC9-BEBD08872AD8}
		{09B84C1F-21D2-4D4B-847A-BA7BF93EDD2F} = {6B7F3AA8-DC76-4AD4-8DC9-BEBD08872AD8}
	EndGlobalSection
EndGlobal
