{
  "name": "blazor-ionic-framework",
  "version": "1.0.0",
  "lockfileVersion": 2,
  "requires": true,
  "packages": {
    "": {
      "name": "blazor-ionic-framework",
      "version": "1.0.0",
      "dependencies": {
        "@ionic/core": "^7.5.7"
      }
    },
    "node_modules/@ionic/core": {
      "version": "7.8.5",
      "resolved": "https://registry.npmjs.org/@ionic/core/-/core-7.8.5.tgz",
      "integrity": "sha512-stnh6wxjsL0ZOEU0F26hki2HcCo8M4XF7yD6WxJqhElG0qq5ytYC/9wpR18pj8GOuNvFtRAV/QFZ7jqWu5NcSQ==",
      "dependencies": {
        "@stencil/core": "^4.12.2",
        "ionicons": "^7.2.2",
        "tslib": "^2.1.0"
      }
    },
    "node_modules/@stencil/core": {
      "version": "4.16.0",
      "resolved": "https://registry.npmjs.org/@stencil/core/-/core-4.16.0.tgz",
      "integrity": "sha512-gXaC5IrquV/Hw5JIZTCWkM5lJEbBQtnvHLhDebjar6A6+YBqxah04dardS+YUNVuRbnE6Hcja7KKiAXT3oVsvw==",
      "bin": {
        "stencil": "bin/stencil"
      },
      "engines": {
        "node": ">=16.0.0",
        "npm": ">=7.10.0"
      }
    },
    "node_modules/ionicons": {
      "version": "7.2.2",
      "resolved": "https://registry.npmjs.org/ionicons/-/ionicons-7.2.2.tgz",
      "integrity": "sha512-I3iYIfc9Q9FRifWyFSwTAvbEABWlWY32i0sAVDDPGYnaIZVugkLCZFbEcrphW6ixVPg8tt1oLwalo/JJwbEqnA==",
      "dependencies": {
        "@stencil/core": "^4.0.3"
      }
    },
    "node_modules/tslib": {
      "version": "2.6.2",
      "resolved": "https://registry.npmjs.org/tslib/-/tslib-2.6.2.tgz",
      "integrity": "sha512-AEYxH93jGFPn/a2iVAwW87VuUIkR1FVUKB77NwMF7nBTDkDrrT/Hpt/IrCJ0QXhW27jTBDcf5ZY7w6RiqTMw2Q=="
    }
  },
  "dependencies": {
    "@ionic/core": {
      "version": "7.8.5",
      "resolved": "https://registry.npmjs.org/@ionic/core/-/core-7.8.5.tgz",
      "integrity": "sha512-stnh6wxjsL0ZOEU0F26hki2HcCo8M4XF7yD6WxJqhElG0qq5ytYC/9wpR18pj8GOuNvFtRAV/QFZ7jqWu5NcSQ==",
      "requires": {
        "@stencil/core": "^4.12.2",
        "ionicons": "^7.2.2",
        "tslib": "^2.1.0"
      }
    },
    "@stencil/core": {
      "version": "4.16.0",
      "resolved": "https://registry.npmjs.org/@stencil/core/-/core-4.16.0.tgz",
      "integrity": "sha512-gXaC5IrquV/Hw5JIZTCWkM5lJEbBQtnvHLhDebjar6A6+YBqxah04dardS+YUNVuRbnE6Hcja7KKiAXT3oVsvw=="
    },
    "ionicons": {
      "version": "7.2.2",
      "resolved": "https://registry.npmjs.org/ionicons/-/ionicons-7.2.2.tgz",
      "integrity": "sha512-I3iYIfc9Q9FRifWyFSwTAvbEABWlWY32i0sAVDDPGYnaIZVugkLCZFbEcrphW6ixVPg8tt1oLwalo/JJwbEqnA==",
      "requires": {
        "@stencil/core": "^4.0.3"
      }
    },
    "tslib": {
      "version": "2.6.2",
      "resolved": "https://registry.npmjs.org/tslib/-/tslib-2.6.2.tgz",
      "integrity": "sha512-AEYxH93jGFPn/a2iVAwW87VuUIkR1FVUKB77NwMF7nBTDkDrrT/Hpt/IrCJ0QXhW27jTBDcf5ZY7w6RiqTMw2Q=="
    }
  }
}
